
Microsoft Visual Studio Solution File, Format Version 12.00
# Visual Studio Version 17
VisualStudioVersion = 17.2.32630.192
MinimumVisualStudioVersion = 10.0.40219.1
Project("{FAE04EC0-301F-11D3-BF4B-00C04F79EFBC}") = "MyNet", "MyNet\MyNet.csproj", "{21D26BB1-373A-4926-B60D-C22FB0211DC5}"
EndProject
Project("{FAE04EC0-301F-11D3-BF4B-00C04F79EFBC}") = "MyNetHost", "MyNetHost\MyNetHost.csproj", "{46F7B865-B622-4A86-82B8-030E19016D34}"
EndProject
Project("{FAE04EC0-301F-11D3-BF4B-00C04F79EFBC}") = "MyNetServices", "MyNetServices\MyNetServices.csproj", "{D5E6BA8A-4A89-43A4-84E0-6E984B7F0264}"
EndProject
Project("{FAE04EC0-301F-11D3-BF4B-00C04F79EFBC}") = "MyNetData", "MyNetData\MyNetData.csproj", "{FFF6D39C-923E-448E-AC72-A4133CFF3844}"
EndProject
Project("{FAE04EC0-301F-11D3-BF4B-00C04F79EFBC}") = "MyNetModels", "MyNetModels\MyNetModels.csproj", "{90B8A2B2-19C1-4B70-A735-0E595154D190}"
EndProject
Global
	GlobalSection(SolutionConfigurationPlatforms) = preSolution
		Debug|Any CPU = Debug|Any CPU
		Release|Any CPU = Release|Any CPU
	EndGlobalSection
	GlobalSection(ProjectConfigurationPlatforms) = postSolution
		{21D26BB1-373A-4926-B60D-C22FB0211DC5}.Debug|Any CPU.ActiveCfg = Debug|Any CPU
		{21D26BB1-373A-4926-B60D-C22FB0211DC5}.Debug|Any CPU.Build.0 = Debug|Any CPU
		{21D26BB1-373A-4926-B60D-C22FB0211DC5}.Release|Any CPU.ActiveCfg = Release|Any CPU
		{21D26BB1-373A-4926-B60D-C22FB0211DC5}.Release|Any CPU.Build.0 = Release|Any CPU
		{46F7B865-B622-4A86-82B8-030E19016D34}.Debug|Any CPU.ActiveCfg = Debug|Any CPU
		{46F7B865-B622-4A86-82B8-030E19016D34}.Debug|Any CPU.Build.0 = Debug|Any CPU
		{46F7B865-B622-4A86-82B8-030E19016D34}.Release|Any CPU.ActiveCfg = Release|Any CPU
		{46F7B865-B622-4A86-82B8-030E19016D34}.Release|Any CPU.Build.0 = Release|Any CPU
		{D5E6BA8A-4A89-43A4-84E0-6E984B7F0264}.Debug|Any CPU.ActiveCfg = Debug|Any CPU
		{D5E6BA8A-4A89-43A4-84E0-6E984B7F0264}.Debug|Any CPU.Build.0 = Debug|Any CPU
		{D5E6BA8A-4A89-43A4-84E0-6E984B7F0264}.Release|Any CPU.ActiveCfg = Release|Any CPU
		{D5E6BA8A-4A89-43A4-84E0-6E984B7F0264}.Release|Any CPU.Build.0 = Release|Any CPU
		{FFF6D39C-923E-448E-AC72-A4133CFF3844}.Debug|Any CPU.ActiveCfg = Debug|Any CPU
		{FFF6D39C-923E-448E-AC72-A4133CFF3844}.Debug|Any CPU.Build.0 = Debug|Any CPU
		{FFF6D39C-923E-448E-AC72-A4133CFF3844}.Release|Any CPU.ActiveCfg = Release|Any CPU
		{FFF6D39C-923E-448E-AC72-A4133CFF3844}.Release|Any CPU.Build.0 = Release|Any CPU
		{90B8A2B2-19C1-4B70-A735-0E595154D190}.Debug|Any CPU.ActiveCfg = Debug|Any CPU
		{90B8A2B2-19C1-4B70-A735-0E595154D190}.Debug|Any CPU.Build.0 = Debug|Any CPU
		{90B8A2B2-19C1-4B70-A735-0E595154D190}.Release|Any CPU.ActiveCfg = Release|Any CPU
		{90B8A2B2-19C1-4B70-A735-0E595154D190}.Release|Any CPU.Build.0 = Release|Any CPU
	EndGlobalSection
	GlobalSection(SolutionProperties) = preSolution
		HideSolutionNode = FALSE
	EndGlobalSection
	GlobalSection(ExtensibilityGlobals) = postSolution
		SolutionGuid = {850FE5D0-D24A-43C2-BC61-C97E29860120}
	EndGlobalSection
EndGlobal
