
Microsoft Visual Studio Solution File, Format Version 12.00
# Visual Studio Version 17
VisualStudioVersion = 17.2.32630.192
MinimumVisualStudioVersion = 10.0.40219.1
Project("{FAE04EC0-301F-11D3-BF4B-00C04F79EFBC}") = "MyNet", "MyNet\MyNet.csproj", "{21D26BB1-373A-4926-B60D-C22FB0211DC5}"
EndProject
Project("{FAE04EC0-301F-11D3-BF4B-00C04F79EFBC}") = "MyNetModels", "MyNetModels\MyNetModels.csproj", "{90B8A2B2-19C1-4B70-A735-0E595154D190}"
EndProject
Global
	GlobalSection(SolutionConfigurationPlatforms) = preSolution
		Debug|Any CPU = Debug|Any CPU
		Release|Any CPU = Release|Any CPU
	EndGlobalSection
	GlobalSection(ProjectConfigurationPlatforms) = postSolution
		{21D26BB1-373A-4926-B60D-C22FB0211DC5}.Debug|Any CPU.ActiveCfg = Debug|Any CPU
		{21D26BB1-373A-4926-B60D-C22FB0211DC5}.Debug|Any CPU.Build.0 = Debug|Any CPU
		{21D26BB1-373A-4926-B60D-C22FB0211DC5}.Release|Any CPU.ActiveCfg = Release|Any CPU
		{21D26BB1-373A-4926-B60D-C22FB0211DC5}.Release|Any CPU.Build.0 = Release|Any CPU
		{90B8A2B2-19C1-4B70-A735-0E595154D190}.Debug|Any CPU.ActiveCfg = Debug|Any CPU
		{90B8A2B2-19C1-4B70-A735-0E595154D190}.Debug|Any CPU.Build.0 = Debug|Any CPU
		{90B8A2B2-19C1-4B70-A735-0E595154D190}.Release|Any CPU.ActiveCfg = Release|Any CPU
		{90B8A2B2-19C1-4B70-A735-0E595154D190}.Release|Any CPU.Build.0 = Release|Any CPU
	EndGlobalSection
	GlobalSection(SolutionProperties) = preSolution
		HideSolutionNode = FALSE
	EndGlobalSection
	GlobalSection(ExtensibilityGlobals) = postSolution
		SolutionGuid = {850FE5D0-D24A-43C2-BC61-C97E29860120}
	EndGlobalSection
EndGlobal
